
Microsoft Visual Studio Solution File, Format Version 12.00
# Visual Studio Version 17
VisualStudioVersion = 17.5.33502.453
MinimumVisualStudioVersion = 10.0.40219.1
Project("{FAE04EC0-301F-11D3-BF4B-00C04F79EFBC}") = "Login_form", "Login_form.csproj", "{E12D1AC9-074B-4F82-ADE7-AB82C89E4630}"
EndProject
Global
	GlobalSection(SolutionConfigurationPlatforms) = preSolution
		Debug|Any CPU = Debug|Any CPU
		Release|Any CPU = Release|Any CPU
	EndGlobalSection
	GlobalSection(ProjectConfigurationPlatforms) = postSolution
		{E12D1AC9-074B-4F82-ADE7-AB82C89E4630}.Debug|Any CPU.ActiveCfg = Debug|Any CPU
		{E12D1AC9-074B-4F82-ADE7-AB82C89E4630}.Debug|Any CPU.Build.0 = Debug|Any CPU
		{E12D1AC9-074B-4F82-ADE7-AB82C89E4630}.Release|Any CPU.ActiveCfg = Release|Any CPU
		{E12D1AC9-074B-4F82-ADE7-AB82C89E4630}.Release|Any CPU.Build.0 = Release|Any CPU
	EndGlobalSection
	GlobalSection(SolutionProperties) = preSolution
		HideSolutionNode = FALSE
	EndGlobalSection
	GlobalSection(ExtensibilityGlobals) = postSolution
		SolutionGuid = {896670A8-CA95-4882-B7CA-964DD66B960F}
	EndGlobalSection
EndGlobal
