
Microsoft Visual Studio Solution File, Format Version 12.00
# Visual Studio Version 17
VisualStudioVersion = 17.5.33502.453
MinimumVisualStudioVersion = 10.0.40219.1
Project("{FAE04EC0-301F-11D3-BF4B-00C04F79EFBC}") = "Using_Filters", "Using_Filters.csproj", "{70F304A2-42D8-4B4B-A7DF-6FC2079A6B64}"
EndProject
Global
	GlobalSection(SolutionConfigurationPlatforms) = preSolution
		Debug|Any CPU = Debug|Any CPU
		Release|Any CPU = Release|Any CPU
	EndGlobalSection
	GlobalSection(ProjectConfigurationPlatforms) = postSolution
		{70F304A2-42D8-4B4B-A7DF-6FC2079A6B64}.Debug|Any CPU.ActiveCfg = Debug|Any CPU
		{70F304A2-42D8-4B4B-A7DF-6FC2079A6B64}.Debug|Any CPU.Build.0 = Debug|Any CPU
		{70F304A2-42D8-4B4B-A7DF-6FC2079A6B64}.Release|Any CPU.ActiveCfg = Release|Any CPU
		{70F304A2-42D8-4B4B-A7DF-6FC2079A6B64}.Release|Any CPU.Build.0 = Release|Any CPU
	EndGlobalSection
	GlobalSection(SolutionProperties) = preSolution
		HideSolutionNode = FALSE
	EndGlobalSection
	GlobalSection(ExtensibilityGlobals) = postSolution
		SolutionGuid = {162C622A-FB90-4D60-B2BE-A5ABFCF2DEF5}
	EndGlobalSection
EndGlobal
