
Microsoft Visual Studio Solution File, Format Version 12.00
# Visual Studio Version 17
VisualStudioVersion = 17.5.33502.453
MinimumVisualStudioVersion = 10.0.40219.1
Project("{FAE04EC0-301F-11D3-BF4B-00C04F79EFBC}") = "ADO_DB_Connection", "ADO_DB_Connection.csproj", "{33B3E549-602A-45C7-9827-C40E37BD56D4}"
EndProject
Global
	GlobalSection(SolutionConfigurationPlatforms) = preSolution
		Debug|Any CPU = Debug|Any CPU
		Release|Any CPU = Release|Any CPU
	EndGlobalSection
	GlobalSection(ProjectConfigurationPlatforms) = postSolution
		{33B3E549-602A-45C7-9827-C40E37BD56D4}.Debug|Any CPU.ActiveCfg = Debug|Any CPU
		{33B3E549-602A-45C7-9827-C40E37BD56D4}.Debug|Any CPU.Build.0 = Debug|Any CPU
		{33B3E549-602A-45C7-9827-C40E37BD56D4}.Release|Any CPU.ActiveCfg = Release|Any CPU
		{33B3E549-602A-45C7-9827-C40E37BD56D4}.Release|Any CPU.Build.0 = Release|Any CPU
	EndGlobalSection
	GlobalSection(SolutionProperties) = preSolution
		HideSolutionNode = FALSE
	EndGlobalSection
	GlobalSection(ExtensibilityGlobals) = postSolution
		SolutionGuid = {360F929C-C44A-4B5B-B6E2-93C5FF28F4CF}
	EndGlobalSection
EndGlobal
