
Microsoft Visual Studio Solution File, Format Version 12.00
# Visual Studio Version 17
VisualStudioVersion = 17.5.33502.453
MinimumVisualStudioVersion = 10.0.40219.1
Project("{FAE04EC0-301F-11D3-BF4B-00C04F79EFBC}") = "Linq", "Linq.csproj", "{CE6D851B-2410-4B5A-A758-0A9501D540B9}"
EndProject
Global
	GlobalSection(SolutionConfigurationPlatforms) = preSolution
		Debug|Any CPU = Debug|Any CPU
		Release|Any CPU = Release|Any CPU
	EndGlobalSection
	GlobalSection(ProjectConfigurationPlatforms) = postSolution
		{CE6D851B-2410-4B5A-A758-0A9501D540B9}.Debug|Any CPU.ActiveCfg = Debug|Any CPU
		{CE6D851B-2410-4B5A-A758-0A9501D540B9}.Debug|Any CPU.Build.0 = Debug|Any CPU
		{CE6D851B-2410-4B5A-A758-0A9501D540B9}.Release|Any CPU.ActiveCfg = Release|Any CPU
		{CE6D851B-2410-4B5A-A758-0A9501D540B9}.Release|Any CPU.Build.0 = Release|Any CPU
	EndGlobalSection
	GlobalSection(SolutionProperties) = preSolution
		HideSolutionNode = FALSE
	EndGlobalSection
	GlobalSection(ExtensibilityGlobals) = postSolution
		SolutionGuid = {57EAB41A-8B76-4F00-8AAD-7F0108F876F8}
	EndGlobalSection
EndGlobal
